// !$*UTF8*$!
{
	archiveVersion = 1;
	classes = {
	};
	objectVersion = 50;
	objects = {

/* Begin PBXBuildFile section */
		ED0D27E824BEE20C005107D0 /* AppDelegate.swift in Sources */ = {isa = PBXBuildFile; fileRef = ED0D27E724BEE20C005107D0 /* AppDelegate.swift */; };
		ED0D27EA24BEE20C005107D0 /* SceneDelegate.swift in Sources */ = {isa = PBXBuildFile; fileRef = ED0D27E924BEE20C005107D0 /* SceneDelegate.swift */; };
		ED0D27EC24BEE20C005107D0 /* ContentView.swift in Sources */ = {isa = PBXBuildFile; fileRef = ED0D27EB24BEE20C005107D0 /* ContentView.swift */; };
		ED0D27EE24BEE20E005107D0 /* Assets.xcassets in Resources */ = {isa = PBXBuildFile; fileRef = ED0D27ED24BEE20E005107D0 /* Assets.xcassets */; };
		ED0D27F124BEE20E005107D0 /* Preview Assets.xcassets in Resources */ = {isa = PBXBuildFile; fileRef = ED0D27F024BEE20E005107D0 /* Preview Assets.xcassets */; };
		ED0D27F424BEE20E005107D0 /* LaunchScreen.storyboard in Resources */ = {isa = PBXBuildFile; fileRef = ED0D27F224BEE20E005107D0 /* LaunchScreen.storyboard */; };
		ED0D27FC24BF20B4005107D0 /* Readme.md in Resources */ = {isa = PBXBuildFile; fileRef = ED0D27FB24BF20B4005107D0 /* Readme.md */; };
/* End PBXBuildFile section */

/* Begin PBXFileReference section */
		ED0D27E424BEE20C005107D0 /* Travel App.app */ = {isa = PBXFileReference; explicitFileType = wrapper.application; includeInIndex = 0; path = "Travel App.app"; sourceTree = BUILT_PRODUCTS_DIR; };
		ED0D27E724BEE20C005107D0 /* AppDelegate.swift */ = {isa = PBXFileReference; lastKnownFileType = sourcecode.swift; path = AppDelegate.swift; sourceTree = "<group>"; };
		ED0D27E924BEE20C005107D0 /* SceneDelegate.swift */ = {isa = PBXFileReference; lastKnownFileType = sourcecode.swift; path = SceneDelegate.swift; sourceTree = "<group>"; };
		ED0D27EB24BEE20C005107D0 /* ContentView.swift */ = {isa = PBXFileReference; lastKnownFileType = sourcecode.swift; path = ContentView.swift; sourceTree = "<group>"; };
		ED0D27ED24BEE20E005107D0 /* Assets.xcassets */ = {isa = PBXFileReference; lastKnownFileType = folder.assetcatalog; path = Assets.xcassets; sourceTree = "<group>"; };
		ED0D27F024BEE20E005107D0 /* Preview Assets.xcassets */ = {isa = PBXFileReference; lastKnownFileType = folder.assetcatalog; path = "Preview Assets.xcassets"; sourceTree = "<group>"; };
		ED0D27F324BEE20E005107D0 /* Base */ = {isa = PBXFileReference; lastKnownFileType = file.storyboard; name = Base; path = Base.lproj/LaunchScreen.storyboard; sourceTree = "<group>"; };
		ED0D27F524BEE20E005107D0 /* Info.plist */ = {isa = PBXFileReference; lastKnownFileType = text.plist.xml; path = Info.plist; sourceTree = "<group>"; };
		ED0D27FB24BF20B4005107D0 /* Readme.md */ = {isa = PBXFileReference; fileEncoding = 4; lastKnownFileType = net.daringfireball.markdown; path = Readme.md; sourceTree = "<group>"; };
/* End PBXFileReference section */

/* Begin PBXFrameworksBuildPhase section */
		ED0D27E124BEE20C005107D0 /* Frameworks */ = {
			isa = PBXFrameworksBuildPhase;
			buildActionMask = 2147483647;
			files = (
			);
			runOnlyForDeploymentPostprocessing = 0;
		};
/* End PBXFrameworksBuildPhase section */

/* Begin PBXGroup section */
		ED0D27DB24BEE20C005107D0 = {
			isa = PBXGroup;
			children = (
				ED0D27E624BEE20C005107D0 /* Travel App */,
				ED0D27E524BEE20C005107D0 /* Products */,
			);
			sourceTree = "<group>";
		};
		ED0D27E524BEE20C005107D0 /* Products */ = {
			isa = PBXGroup;
			children = (
				ED0D27E424BEE20C005107D0 /* Travel App.app */,
			);
			name = Products;
			sourceTree = "<group>";
		};
		ED0D27E624BEE20C005107D0 /* Travel App */ = {
			isa = PBXGroup;
			children = (
				ED0D27E724BEE20C005107D0 /* AppDelegate.swift */,
				ED0D27E924BEE20C005107D0 /* SceneDelegate.swift */,
				ED0D27EB24BEE20C005107D0 /* ContentView.swift */,
				ED0D27ED24BEE20E005107D0 /* Assets.xcassets */,
				ED0D27F224BEE20E005107D0 /* LaunchScreen.storyboard */,
				ED0D27F524BEE20E005107D0 /* Info.plist */,
				ED0D27FB24BF20B4005107D0 /* Readme.md */,
				ED0D27EF24BEE20E005107D0 /* Preview Content */,
			);
			path = "Travel App";
			sourceTree = "<group>";
		};
		ED0D27EF24BEE20E005107D0 /* Preview Content */ = {
			isa = PBXGroup;
			children = (
				ED0D27F024BEE20E005107D0 /* Preview Assets.xcassets */,
			);
			path = "Preview Content";
			sourceTree = "<group>";
		};
/* End PBXGroup section */

/* Begin PBXNativeTarget section */
		ED0D27E324BEE20C005107D0 /* Travel App */ = {
			isa = PBXNativeTarget;
			buildConfigurationList = ED0D27F824BEE20E005107D0 /* Build configuration list for PBXNativeTarget "Travel App" */;
			buildPhases = (
				ED0D27E024BEE20C005107D0 /* Sources */,
				ED0D27E124BEE20C005107D0 /* Frameworks */,
				ED0D27E224BEE20C005107D0 /* Resources */,
			);
			buildRules = (
			);
			dependencies = (
			);
			name = "Travel App";
			productName = "Travel App";
			productReference = ED0D27E424BEE20C005107D0 /* Travel App.app */;
			productType = "com.apple.product-type.application";
		};
/* End PBXNativeTarget section */

/* Begin PBXProject section */
		ED0D27DC24BEE20C005107D0 /* Project object */ = {
			isa = PBXProject;
			attributes = {
				LastSwiftUpdateCheck = 1150;
				LastUpgradeCheck = 1150;
				ORGANIZATIONNAME = "Mohsen Abdollahi";
				TargetAttributes = {
					ED0D27E324BEE20C005107D0 = {
						CreatedOnToolsVersion = 11.5;
					};
				};
			};
			buildConfigurationList = ED0D27DF24BEE20C005107D0 /* Build configuration list for PBXProject "Travel App" */;
			compatibilityVersion = "Xcode 9.3";
			developmentRegion = en;
			hasScannedForEncodings = 0;
			knownRegions = (
				en,
				Base,
			);
			mainGroup = ED0D27DB24BEE20C005107D0;
			productRefGroup = ED0D27E524BEE20C005107D0 /* Products */;
			projectDirPath = "";
			projectRoot = "";
			targets = (
				ED0D27E324BEE20C005107D0 /* Travel App */,
			);
		};
/* End PBXProject section */

/* Begin PBXResourcesBuildPhase section */
		ED0D27E224BEE20C005107D0 /* Resources */ = {
			isa = PBXResourcesBuildPhase;
			buildActionMask = 2147483647;
			files = (
				ED0D27F424BEE20E005107D0 /* LaunchScreen.storyboard in Resources */,
				ED0D27F124BEE20E005107D0 /* Preview Assets.xcassets in Resources */,
				ED0D27FC24BF20B4005107D0 /* Readme.md in Resources */,
				ED0D27EE24BEE20E005107D0 /* Assets.xcassets in Resources */,
			);
			runOnlyForDeploymentPostprocessing = 0;
		};
/* End PBXResourcesBuildPhase section */

/* Begin PBXSourcesBuildPhase section */
		ED0D27E024BEE20C005107D0 /* Sources */ = {
			isa = PBXSourcesBuildPhase;
			buildActionMask = 2147483647;
			files = (
				ED0D27E824BEE20C005107D0 /* AppDelegate.swift in Sources */,
				ED0D27EA24BEE20C005107D0 /* SceneDelegate.swift in Sources */,
				ED0D27EC24BEE20C005107D0 /* ContentView.swift in Sources */,
			);
			runOnlyForDeploymentPostprocessing = 0;
		};
/* End PBXSourcesBuildPhase section */

/* Begin PBXVariantGroup section */
		ED0D27F224BEE20E005107D0 /* LaunchScreen.storyboard */ = {
			isa = PBXVariantGroup;
			children = (
				ED0D27F324BEE20E005107D0 /* Base */,
			);
			name = LaunchScreen.storyboard;
			sourceTree = "<group>";
		};
/* End PBXVariantGroup section */

/* Begin XCBuildConfiguration section */
		ED0D27F624BEE20E005107D0 /* Debug */ = {
			isa = XCBuildConfiguration;
			buildSettings = {
				ALWAYS_SEARCH_USER_PATHS = NO;
				CLANG_ANALYZER_NONNULL = YES;
				CLANG_ANALYZER_NUMBER_OBJECT_CONVERSION = YES_AGGRESSIVE;
				CLANG_CXX_LANGUAGE_STANDARD = "gnu++14";
				CLANG_CXX_LIBRARY = "libc++";
				CLANG_ENABLE_MODULES = YES;
				CLANG_ENABLE_OBJC_ARC = YES;
				CLANG_ENABLE_OBJC_WEAK = YES;
				CLANG_WARN_BLOCK_CAPTURE_AUTORELEASING = YES;
				CLANG_WARN_BOOL_CONVERSION = YES;
				CLANG_WARN_COMMA = YES;
				CLANG_WARN_CONSTANT_CONVERSION = YES;
				CLANG_WARN_DEPRECATED_OBJC_IMPLEMENTATIONS = YES;
				CLANG_WARN_DIRECT_OBJC_ISA_USAGE = YES_ERROR;
				CLANG_WARN_DOCUMENTATION_COMMENTS = YES;
				CLANG_WARN_EMPTY_BODY = YES;
				CLANG_WARN_ENUM_CONVERSION = YES;
				CLANG_WARN_INFINITE_RECURSION = YES;
				CLANG_WARN_INT_CONVERSION = YES;
				CLANG_WARN_NON_LITERAL_NULL_CONVERSION = YES;
				CLANG_WARN_OBJC_IMPLICIT_RETAIN_SELF = YES;
				CLANG_WARN_OBJC_LITERAL_CONVERSION = YES;
				CLANG_WARN_OBJC_ROOT_CLASS = YES_ERROR;
				CLANG_WARN_RANGE_LOOP_ANALYSIS = YES;
				CLANG_WARN_STRICT_PROTOTYPES = YES;
				CLANG_WARN_SUSPICIOUS_MOVE = YES;
				CLANG_WARN_UNGUARDED_AVAILABILITY = YES_AGGRESSIVE;
				CLANG_WARN_UNREACHABLE_CODE = YES;
				CLANG_WARN__DUPLICATE_METHOD_MATCH = YES;
				COPY_PHASE_STRIP = NO;
				DEBUG_INFORMATION_FORMAT = dwarf;
				ENABLE_STRICT_OBJC_MSGSEND = YES;
				ENABLE_TESTABILITY = YES;
				GCC_C_LANGUAGE_STANDARD = gnu11;
				GCC_DYNAMIC_NO_PIC = NO;
				GCC_NO_COMMON_BLOCKS = YES;
				GCC_OPTIMIZATION_LEVEL = 0;
				GCC_PREPROCESSOR_DEFINITIONS = (
					"DEBUG=1",
					"$(inherited)",
				);
				GCC_WARN_64_TO_32_BIT_CONVERSION = YES;
				GCC_WARN_ABOUT_RETURN_TYPE = YES_ERROR;
				GCC_WARN_UNDECLARED_SELECTOR = YES;
				GCC_WARN_UNINITIALIZED_AUTOS = YES_AGGRESSIVE;
				GCC_WARN_UNUSED_FUNCTION = YES;
				GCC_WARN_UNUSED_VARIABLE = YES;
				IPHONEOS_DEPLOYMENT_TARGET = 13.5;
				MTL_ENABLE_DEBUG_INFO = INCLUDE_SOURCE;
				MTL_FAST_MATH = YES;
				ONLY_ACTIVE_ARCH = YES;
				SDKROOT = iphoneos;
				SWIFT_ACTIVE_COMPILATION_CONDITIONS = DEBUG;
				SWIFT_OPTIMIZATION_LEVEL = "-Onone";
			};
			name = Debug;
		};
		ED0D27F724BEE20E005107D0 /* Release */ = {
			isa = XCBuildConfiguration;
			buildSettings = {
				ALWAYS_SEARCH_USER_PATHS = NO;
				CLANG_ANALYZER_NONNULL = YES;
				CLANG_ANALYZER_NUMBER_OBJECT_CONVERSION = YES_AGGRESSIVE;
				CLANG_CXX_LANGUAGE_STANDARD = "gnu++14";
				CLANG_CXX_LIBRARY = "libc++";
				CLANG_ENABLE_MODULES = YES;
				CLANG_ENABLE_OBJC_ARC = YES;
				CLANG_ENABLE_OBJC_WEAK = YES;
				CLANG_WARN_BLOCK_CAPTURE_AUTORELEASING = YES;
				CLANG_WARN_BOOL_CONVERSION = YES;
				CLANG_WARN_COMMA = YES;
				CLANG_WARN_CONSTANT_CONVERSION = YES;
				CLANG_WARN_DEPRECATED_OBJC_IMPLEMENTATIONS = YES;
				CLANG_WARN_DIRECT_OBJC_ISA_USAGE = YES_ERROR;
				CLANG_WARN_DOCUMENTATION_COMMENTS = YES;
				CLANG_WARN_EMPTY_BODY = YES;
				CLANG_WARN_ENUM_CONVERSION = YES;
				CLANG_WARN_INFINITE_RECURSION = YES;
				CLANG_WARN_INT_CONVERSION = YES;
				CLANG_WARN_NON_LITERAL_NULL_CONVERSION = YES;
				CLANG_WARN_OBJC_IMPLICIT_RETAIN_SELF = YES;
				CLANG_WARN_OBJC_LITERAL_CONVERSION = YES;
				CLANG_WARN_OBJC_ROOT_CLASS = YES_ERROR;
				CLANG_WARN_RANGE_LOOP_ANALYSIS = YES;
				CLANG_WARN_STRICT_PROTOTYPES = YES;
				CLANG_WARN_SUSPICIOUS_MOVE = YES;
				CLANG_WARN_UNGUARDED_AVAILABILITY = YES_AGGRESSIVE;
				CLANG_WARN_UNREACHABLE_CODE = YES;
				CLANG_WARN__DUPLICATE_METHOD_MATCH = YES;
				COPY_PHASE_STRIP = NO;
				DEBUG_INFORMATION_FORMAT = "dwarf-with-dsym";
				ENABLE_NS_ASSERTIONS = NO;
				ENABLE_STRICT_OBJC_MSGSEND = YES;
				GCC_C_LANGUAGE_STANDARD = gnu11;
				GCC_NO_COMMON_BLOCKS = YES;
				GCC_WARN_64_TO_32_BIT_CONVERSION = YES;
				GCC_WARN_ABOUT_RETURN_TYPE = YES_ERROR;
				GCC_WARN_UNDECLARED_SELECTOR = YES;
				GCC_WARN_UNINITIALIZED_AUTOS = YES_AGGRESSIVE;
				GCC_WARN_UNUSED_FUNCTION = YES;
				GCC_WARN_UNUSED_VARIABLE = YES;
				IPHONEOS_DEPLOYMENT_TARGET = 13.5;
				MTL_ENABLE_DEBUG_INFO = NO;
				MTL_FAST_MATH = YES;
				SDKROOT = iphoneos;
				SWIFT_COMPILATION_MODE = wholemodule;
				SWIFT_OPTIMIZATION_LEVEL = "-O";
				VALIDATE_PRODUCT = YES;
			};
			name = Release;
		};
		ED0D27F924BEE20E005107D0 /* Debug */ = {
			isa = XCBuildConfiguration;
			buildSettings = {
				ASSETCATALOG_COMPILER_APPICON_NAME = AppIcon;
				CODE_SIGN_STYLE = Automatic;
				DEVELOPMENT_ASSET_PATHS = "\"Travel App/Preview Content\"";
				ENABLE_PREVIEWS = YES;
				INFOPLIST_FILE = "Travel App/Info.plist";
				LD_RUNPATH_SEARCH_PATHS = (
					"$(inherited)",
					"@executable_path/Frameworks",
				);
				PRODUCT_BUNDLE_IDENTIFIER = "Mohsen.Travel-App";
				PRODUCT_NAME = "$(TARGET_NAME)";
				SWIFT_VERSION = 5.0;
				TARGETED_DEVICE_FAMILY = "1,2";
			};
			name = Debug;
		};
		ED0D27FA24BEE20E005107D0 /* Release */ = {
			isa = XCBuildConfiguration;
			buildSettings = {
				ASSETCATALOG_COMPILER_APPICON_NAME = AppIcon;
				CODE_SIGN_STYLE = Automatic;
				DEVELOPMENT_ASSET_PATHS = "\"Travel App/Preview Content\"";
				ENABLE_PREVIEWS = YES;
				INFOPLIST_FILE = "Travel App/Info.plist";
				LD_RUNPATH_SEARCH_PATHS = (
					"$(inherited)",
					"@executable_path/Frameworks",
				);
				PRODUCT_BUNDLE_IDENTIFIER = "Mohsen.Travel-App";
				PRODUCT_NAME = "$(TARGET_NAME)";
				SWIFT_VERSION = 5.0;
				TARGETED_DEVICE_FAMILY = "1,2";
			};
			name = Release;
		};
/* End XCBuildConfiguration section */

/* Begin XCConfigurationList section */
		ED0D27DF24BEE20C005107D0 /* Build configuration list for PBXProject "Travel App" */ = {
			isa = XCConfigurationList;
			buildConfigurations = (
				ED0D27F624BEE20E005107D0 /* Debug */,
				ED0D27F724BEE20E005107D0 /* Release */,
			);
			defaultConfigurationIsVisible = 0;
			defaultConfigurationName = Release;
		};
		ED0D27F824BEE20E005107D0 /* Build configuration list for PBXNativeTarget "Travel App" */ = {
			isa = XCConfigurationList;
			buildConfigurations = (
				ED0D27F924BEE20E005107D0 /* Debug */,
				ED0D27FA24BEE20E005107D0 /* Release */,
			);
			defaultConfigurationIsVisible = 0;
			defaultConfigurationName = Release;
		};
/* End XCConfigurationList section */
	};
	rootObject = ED0D27DC24BEE20C005107D0 /* Project object */;
}
